// !$*UTF8*$!
{
	archiveVersion = 1;
	classes = {
	};
	objectVersion = 50;
	objects = {

/* Begin PBXBuildFile section */
		41F5E05C2175F2F0002E676C /* AppDelegate.swift in Sources */ = {isa = PBXBuildFile; fileRef = 41F5E05B2175F2F0002E676C /* AppDelegate.swift */; };
		41F5E05E2175F2F0002E676C /* MasterViewController.swift in Sources */ = {isa = PBXBuildFile; fileRef = 41F5E05D2175F2F0002E676C /* MasterViewController.swift */; };
		41F5E0602175F2F0002E676C /* DetailViewController.swift in Sources */ = {isa = PBXBuildFile; fileRef = 41F5E05F2175F2F0002E676C /* DetailViewController.swift */; };
		41F5E0632175F2F0002E676C /* Main.storyboard in Resources */ = {isa = PBXBuildFile; fileRef = 41F5E0612175F2F0002E676C /* Main.storyboard */; };
		41F5E0652175F2F2002E676C /* Assets.xcassets in Resources */ = {isa = PBXBuildFile; fileRef = 41F5E0642175F2F2002E676C /* Assets.xcassets */; };
		41F5E0682175F2F2002E676C /* LaunchScreen.storyboard in Resources */ = {isa = PBXBuildFile; fileRef = 41F5E0662175F2F2002E676C /* LaunchScreen.storyboard */; };
/* End PBXBuildFile section */

/* Begin PBXFileReference section */
		41F5E0582175F2F0002E676C /* weather-forecast-extension.app */ = {isa = PBXFileReference; explicitFileType = wrapper.application; includeInIndex = 0; path = "weather-forecast-extension.app"; sourceTree = BUILT_PRODUCTS_DIR; };
		41F5E05B2175F2F0002E676C /* AppDelegate.swift */ = {isa = PBXFileReference; lastKnownFileType = sourcecode.swift; path = AppDelegate.swift; sourceTree = "<group>"; };
		41F5E05D2175F2F0002E676C /* MasterViewController.swift */ = {isa = PBXFileReference; lastKnownFileType = sourcecode.swift; path = MasterViewController.swift; sourceTree = "<group>"; };
		41F5E05F2175F2F0002E676C /* DetailViewController.swift */ = {isa = PBXFileReference; lastKnownFileType = sourcecode.swift; path = DetailViewController.swift; sourceTree = "<group>"; };
		41F5E0622175F2F0002E676C /* Base */ = {isa = PBXFileReference; lastKnownFileType = file.storyboard; name = Base; path = Base.lproj/Main.storyboard; sourceTree = "<group>"; };
		41F5E0642175F2F2002E676C /* Assets.xcassets */ = {isa = PBXFileReference; lastKnownFileType = folder.assetcatalog; path = Assets.xcassets; sourceTree = "<group>"; };
		41F5E0672175F2F2002E676C /* Base */ = {isa = PBXFileReference; lastKnownFileType = file.storyboard; name = Base; path = Base.lproj/LaunchScreen.storyboard; sourceTree = "<group>"; };
		41F5E0692175F2F2002E676C /* Info.plist */ = {isa = PBXFileReference; lastKnownFileType = text.plist.xml; path = Info.plist; sourceTree = "<group>"; };
/* End PBXFileReference section */

/* Begin PBXFrameworksBuildPhase section */
		41F5E0552175F2F0002E676C /* Frameworks */ = {
			isa = PBXFrameworksBuildPhase;
			buildActionMask = 2147483647;
			files = (
			);
			runOnlyForDeploymentPostprocessing = 0;
		};
/* End PBXFrameworksBuildPhase section */

/* Begin PBXGroup section */
		41F5E04F2175F2F0002E676C = {
			isa = PBXGroup;
			children = (
				41F5E05A2175F2F0002E676C /* weather-forecast-extension */,
				41F5E0592175F2F0002E676C /* Products */,
			);
			sourceTree = "<group>";
		};
		41F5E0592175F2F0002E676C /* Products */ = {
			isa = PBXGroup;
			children = (
				41F5E0582175F2F0002E676C /* weather-forecast-extension.app */,
			);
			name = Products;
			sourceTree = "<group>";
		};
		41F5E05A2175F2F0002E676C /* weather-forecast-extension */ = {
			isa = PBXGroup;
			children = (
				41F5E05B2175F2F0002E676C /* AppDelegate.swift */,
				41F5E05D2175F2F0002E676C /* MasterViewController.swift */,
				41F5E05F2175F2F0002E676C /* DetailViewController.swift */,
				41F5E0612175F2F0002E676C /* Main.storyboard */,
				41F5E0642175F2F2002E676C /* Assets.xcassets */,
				41F5E0662175F2F2002E676C /* LaunchScreen.storyboard */,
				41F5E0692175F2F2002E676C /* Info.plist */,
			);
			path = "weather-forecast-extension";
			sourceTree = "<group>";
		};
/* End PBXGroup section */

/* Begin PBXNativeTarget section */
		41F5E0572175F2F0002E676C /* weather-forecast-extension */ = {
			isa = PBXNativeTarget;
			buildConfigurationList = 41F5E06C2175F2F2002E676C /* Build configuration list for PBXNativeTarget "weather-forecast-extension" */;
			buildPhases = (
				41F5E0542175F2F0002E676C /* Sources */,
				41F5E0552175F2F0002E676C /* Frameworks */,
				41F5E0562175F2F0002E676C /* Resources */,
			);
			buildRules = (
			);
			dependencies = (
			);
			name = "weather-forecast-extension";
			productName = "weather-forecast-extension";
			productReference = 41F5E0582175F2F0002E676C /* weather-forecast-extension.app */;
			productType = "com.apple.product-type.application";
		};
/* End PBXNativeTarget section */

/* Begin PBXProject section */
		41F5E0502175F2F0002E676C /* Project object */ = {
			isa = PBXProject;
			attributes = {
				LastSwiftUpdateCheck = 1000;
				LastUpgradeCheck = 1000;
				ORGANIZATIONNAME = Klaudia;
				TargetAttributes = {
					41F5E0572175F2F0002E676C = {
						CreatedOnToolsVersion = 10.0;
					};
				};
			};
			buildConfigurationList = 41F5E0532175F2F0002E676C /* Build configuration list for PBXProject "weather-forecast-extension" */;
			compatibilityVersion = "Xcode 9.3";
			developmentRegion = en;
			hasScannedForEncodings = 0;
			knownRegions = (
				en,
				Base,
			);
			mainGroup = 41F5E04F2175F2F0002E676C;
			productRefGroup = 41F5E0592175F2F0002E676C /* Products */;
			projectDirPath = "";
			projectRoot = "";
			targets = (
				41F5E0572175F2F0002E676C /* weather-forecast-extension */,
			);
		};
/* End PBXProject section */

/* Begin PBXResourcesBuildPhase section */
		41F5E0562175F2F0002E676C /* Resources */ = {
			isa = PBXResourcesBuildPhase;
			buildActionMask = 2147483647;
			files = (
				41F5E0682175F2F2002E676C /* LaunchScreen.storyboard in Resources */,
				41F5E0652175F2F2002E676C /* Assets.xcassets in Resources */,
				41F5E0632175F2F0002E676C /* Main.storyboard in Resources */,
			);
			runOnlyForDeploymentPostprocessing = 0;
		};
/* End PBXResourcesBuildPhase section */

/* Begin PBXSourcesBuildPhase section */
		41F5E0542175F2F0002E676C /* Sources */ = {
			isa = PBXSourcesBuildPhase;
			buildActionMask = 2147483647;
			files = (
				41F5E0602175F2F0002E676C /* DetailViewController.swift in Sources */,
				41F5E05E2175F2F0002E676C /* MasterViewController.swift in Sources */,
				41F5E05C2175F2F0002E676C /* AppDelegate.swift in Sources */,
			);
			runOnlyForDeploymentPostprocessing = 0;
		};
/* End PBXSourcesBuildPhase section */

/* Begin PBXVariantGroup section */
		41F5E0612175F2F0002E676C /* Main.storyboard */ = {
			isa = PBXVariantGroup;
			children = (
				41F5E0622175F2F0002E676C /* Base */,
			);
			name = Main.storyboard;
			sourceTree = "<group>";
		};
		41F5E0662175F2F2002E676C /* LaunchScreen.storyboard */ = {
			isa = PBXVariantGroup;
			children = (
				41F5E0672175F2F2002E676C /* Base */,
			);
			name = LaunchScreen.storyboard;
			sourceTree = "<group>";
		};
/* End PBXVariantGroup section */

/* Begin XCBuildConfiguration section */
		41F5E06A2175F2F2002E676C /* Debug */ = {
			isa = XCBuildConfiguration;
			buildSettings = {
				ALWAYS_SEARCH_USER_PATHS = NO;
				CLANG_ANALYZER_NONNULL = YES;
				CLANG_ANALYZER_NUMBER_OBJECT_CONVERSION = YES_AGGRESSIVE;
				CLANG_CXX_LANGUAGE_STANDARD = "gnu++14";
				CLANG_CXX_LIBRARY = "libc++";
				CLANG_ENABLE_MODULES = YES;
				CLANG_ENABLE_OBJC_ARC = YES;
				CLANG_ENABLE_OBJC_WEAK = YES;
				CLANG_WARN_BLOCK_CAPTURE_AUTORELEASING = YES;
				CLANG_WARN_BOOL_CONVERSION = YES;
				CLANG_WARN_COMMA = YES;
				CLANG_WARN_CONSTANT_CONVERSION = YES;
				CLANG_WARN_DEPRECATED_OBJC_IMPLEMENTATIONS = YES;
				CLANG_WARN_DIRECT_OBJC_ISA_USAGE = YES_ERROR;
				CLANG_WARN_DOCUMENTATION_COMMENTS = YES;
				CLANG_WARN_EMPTY_BODY = YES;
				CLANG_WARN_ENUM_CONVERSION = YES;
				CLANG_WARN_INFINITE_RECURSION = YES;
				CLANG_WARN_INT_CONVERSION = YES;
				CLANG_WARN_NON_LITERAL_NULL_CONVERSION = YES;
				CLANG_WARN_OBJC_IMPLICIT_RETAIN_SELF = YES;
				CLANG_WARN_OBJC_LITERAL_CONVERSION = YES;
				CLANG_WARN_OBJC_ROOT_CLASS = YES_ERROR;
				CLANG_WARN_RANGE_LOOP_ANALYSIS = YES;
				CLANG_WARN_STRICT_PROTOTYPES = YES;
				CLANG_WARN_SUSPICIOUS_MOVE = YES;
				CLANG_WARN_UNGUARDED_AVAILABILITY = YES_AGGRESSIVE;
				CLANG_WARN_UNREACHABLE_CODE = YES;
				CLANG_WARN__DUPLICATE_METHOD_MATCH = YES;
				CODE_SIGN_IDENTITY = "iPhone Developer";
				COPY_PHASE_STRIP = NO;
				DEBUG_INFORMATION_FORMAT = dwarf;
				ENABLE_STRICT_OBJC_MSGSEND = YES;
				ENABLE_TESTABILITY = YES;
				GCC_C_LANGUAGE_STANDARD = gnu11;
				GCC_DYNAMIC_NO_PIC = NO;
				GCC_NO_COMMON_BLOCKS = YES;
				GCC_OPTIMIZATION_LEVEL = 0;
				GCC_PREPROCESSOR_DEFINITIONS = (
					"DEBUG=1",
					"$(inherited)",
				);
				GCC_WARN_64_TO_32_BIT_CONVERSION = YES;
				GCC_WARN_ABOUT_RETURN_TYPE = YES_ERROR;
				GCC_WARN_UNDECLARED_SELECTOR = YES;
				GCC_WARN_UNINITIALIZED_AUTOS = YES_AGGRESSIVE;
				GCC_WARN_UNUSED_FUNCTION = YES;
				GCC_WARN_UNUSED_VARIABLE = YES;
				IPHONEOS_DEPLOYMENT_TARGET = 12.0;
				MTL_ENABLE_DEBUG_INFO = INCLUDE_SOURCE;
				MTL_FAST_MATH = YES;
				ONLY_ACTIVE_ARCH = YES;
				SDKROOT = iphoneos;
				SWIFT_ACTIVE_COMPILATION_CONDITIONS = DEBUG;
				SWIFT_OPTIMIZATION_LEVEL = "-Onone";
			};
			name = Debug;
		};
		41F5E06B2175F2F2002E676C /* Release */ = {
			isa = XCBuildConfiguration;
			buildSettings = {
				ALWAYS_SEARCH_USER_PATHS = NO;
				CLANG_ANALYZER_NONNULL = YES;
				CLANG_ANALYZER_NUMBER_OBJECT_CONVERSION = YES_AGGRESSIVE;
				CLANG_CXX_LANGUAGE_STANDARD = "gnu++14";
				CLANG_CXX_LIBRARY = "libc++";
				CLANG_ENABLE_MODULES = YES;
				CLANG_ENABLE_OBJC_ARC = YES;
				CLANG_ENABLE_OBJC_WEAK = YES;
				CLANG_WARN_BLOCK_CAPTURE_AUTORELEASING = YES;
				CLANG_WARN_BOOL_CONVERSION = YES;
				CLANG_WARN_COMMA = YES;
				CLANG_WARN_CONSTANT_CONVERSION = YES;
				CLANG_WARN_DEPRECATED_OBJC_IMPLEMENTATIONS = YES;
				CLANG_WARN_DIRECT_OBJC_ISA_USAGE = YES_ERROR;
				CLANG_WARN_DOCUMENTATION_COMMENTS = YES;
				CLANG_WARN_EMPTY_BODY = YES;
				CLANG_WARN_ENUM_CONVERSION = YES;
				CLANG_WARN_INFINITE_RECURSION = YES;
				CLANG_WARN_INT_CONVERSION = YES;
				CLANG_WARN_NON_LITERAL_NULL_CONVERSION = YES;
				CLANG_WARN_OBJC_IMPLICIT_RETAIN_SELF = YES;
				CLANG_WARN_OBJC_LITERAL_CONVERSION = YES;
				CLANG_WARN_OBJC_ROOT_CLASS = YES_ERROR;
				CLANG_WARN_RANGE_LOOP_ANALYSIS = YES;
				CLANG_WARN_STRICT_PROTOTYPES = YES;
				CLANG_WARN_SUSPICIOUS_MOVE = YES;
				CLANG_WARN_UNGUARDED_AVAILABILITY = YES_AGGRESSIVE;
				CLANG_WARN_UNREACHABLE_CODE = YES;
				CLANG_WARN__DUPLICATE_METHOD_MATCH = YES;
				CODE_SIGN_IDENTITY = "iPhone Developer";
				COPY_PHASE_STRIP = NO;
				DEBUG_INFORMATION_FORMAT = "dwarf-with-dsym";
				ENABLE_NS_ASSERTIONS = NO;
				ENABLE_STRICT_OBJC_MSGSEND = YES;
				GCC_C_LANGUAGE_STANDARD = gnu11;
				GCC_NO_COMMON_BLOCKS = YES;
				GCC_WARN_64_TO_32_BIT_CONVERSION = YES;
				GCC_WARN_ABOUT_RETURN_TYPE = YES_ERROR;
				GCC_WARN_UNDECLARED_SELECTOR = YES;
				GCC_WARN_UNINITIALIZED_AUTOS = YES_AGGRESSIVE;
				GCC_WARN_UNUSED_FUNCTION = YES;
				GCC_WARN_UNUSED_VARIABLE = YES;
				IPHONEOS_DEPLOYMENT_TARGET = 12.0;
				MTL_ENABLE_DEBUG_INFO = NO;
				MTL_FAST_MATH = YES;
				SDKROOT = iphoneos;
				SWIFT_COMPILATION_MODE = wholemodule;
				SWIFT_OPTIMIZATION_LEVEL = "-O";
				VALIDATE_PRODUCT = YES;
			};
			name = Release;
		};
		41F5E06D2175F2F2002E676C /* Debug */ = {
			isa = XCBuildConfiguration;
			buildSettings = {
				ASSETCATALOG_COMPILER_APPICON_NAME = AppIcon;
				CODE_SIGN_STYLE = Automatic;
				INFOPLIST_FILE = "weather-forecast-extension/Info.plist";
				LD_RUNPATH_SEARCH_PATHS = (
					"$(inherited)",
					"@executable_path/Frameworks",
				);
				PRODUCT_BUNDLE_IDENTIFIER = "klaudia.weather-forecast-extension";
				PRODUCT_NAME = "$(TARGET_NAME)";
				SWIFT_VERSION = 4.2;
				TARGETED_DEVICE_FAMILY = "1,2";
			};
			name = Debug;
		};
		41F5E06E2175F2F2002E676C /* Release */ = {
			isa = XCBuildConfiguration;
			buildSettings = {
				ASSETCATALOG_COMPILER_APPICON_NAME = AppIcon;
				CODE_SIGN_STYLE = Automatic;
				INFOPLIST_FILE = "weather-forecast-extension/Info.plist";
				LD_RUNPATH_SEARCH_PATHS = (
					"$(inherited)",
					"@executable_path/Frameworks",
				);
				PRODUCT_BUNDLE_IDENTIFIER = "klaudia.weather-forecast-extension";
				PRODUCT_NAME = "$(TARGET_NAME)";
				SWIFT_VERSION = 4.2;
				TARGETED_DEVICE_FAMILY = "1,2";
			};
			name = Release;
		};
/* End XCBuildConfiguration section */

/* Begin XCConfigurationList section */
		41F5E0532175F2F0002E676C /* Build configuration list for PBXProject "weather-forecast-extension" */ = {
			isa = XCConfigurationList;
			buildConfigurations = (
				41F5E06A2175F2F2002E676C /* Debug */,
				41F5E06B2175F2F2002E676C /* Release */,
			);
			defaultConfigurationIsVisible = 0;
			defaultConfigurationName = Release;
		};
		41F5E06C2175F2F2002E676C /* Build configuration list for PBXNativeTarget "weather-forecast-extension" */ = {
			isa = XCConfigurationList;
			buildConfigurations = (
				41F5E06D2175F2F2002E676C /* Debug */,
				41F5E06E2175F2F2002E676C /* Release */,
			);
			defaultConfigurationIsVisible = 0;
			defaultConfigurationName = Release;
		};
/* End XCConfigurationList section */
	};
	rootObject = 41F5E0502175F2F0002E676C /* Project object */;
}
